{
  "nodes": {
    "nixpkgs": {
      "locked": {
        "lastModified": 1732350895,
        "narHash": "sha256-GcOQbOgmwlsRhpLGSwZJwLbo3pu9ochMETuRSS1xpz4=",
        "owner": "NixOS",
        "repo": "nixpkgs",
        "rev": "0c582677378f2d9ffcb01490af2f2c678dcb29d3",
        "type": "github"
      },
      "original": {
        "owner": "NixOS",
        "ref": "nixos-24.11",
        "repo": "nixpkgs",
        "type": "github"
      }
    },
    "root": {
      "inputs": {
        "nixpkgs": "nixpkgs",
        "rpki-cli": "rpki-cli"
      }
    },
    "rpki-cli": {
      "inputs": {
        "nixpkgs": [
          "nixpkgs"
        ],
        "rpki-client-src": "rpki-client-src",
        "rpki-openbsd-src": "rpki-openbsd-src",
        "utils": "utils"
      },
      "locked": {
        "lastModified": 1744636087,
        "narHash": "sha256-/GB5ZN+Da5XWDnqmc0gJKEG2+8ZNHJQYZgxZx0lN+Jc=",
        "owner": "asmap",
        "repo": "rpki-client-nix",
        "rev": "3c270f6a8da96bcb7395dc6991ceef7a3036796b",
        "type": "github"
      },
      "original": {
        "owner": "asmap",
        "repo": "rpki-client-nix",
        "type": "github"
      }
    },
    "rpki-client-src": {
      "flake": false,
      "locked": {
        "lastModified": 1744153109,
        "narHash": "sha256-BYfJwSVm+w7AZu34HD0XY5ORkxYNEtYDK6cn8h8WrQY=",
        "owner": "rpki-client",
        "repo": "rpki-client-portable",
        "rev": "36abf5dbc510ef98e5139f776806b723d3bcc705",
        "type": "github"
      },
      "original": {
        "owner": "rpki-client",
        "repo": "rpki-client-portable",
        "rev": "36abf5dbc510ef98e5139f776806b723d3bcc705",
        "type": "github"
      }
    },
    "rpki-openbsd-src": {
      "flake": false,
      "locked": {
        "lastModified": 1744104505,
        "narHash": "sha256-OUfBK+mwOZ4KkvAWKFfrHU/c0iv2hmFisLOBg+Tfu34=",
        "owner": "rpki-client",
        "repo": "rpki-client-openbsd",
        "rev": "f89bbe32af942a4dac8d2f9c13058ff63afa11d3",
        "type": "github"
      },
      "original": {
        "owner": "rpki-client",
        "repo": "rpki-client-openbsd",
        "rev": "f89bbe32af942a4dac8d2f9c13058ff63afa11d3",
        "type": "github"
      }
    },
    "systems": {
      "locked": {
        "lastModified": 1681028828,
        "narHash": "sha256-Vy1rq5AaRuLzOxct8nz4T6wlgyUR7zLU309k9mBC768=",
        "owner": "nix-systems",
        "repo": "default",
        "rev": "da67096a3b9bf56a91d16901293e51ba5b49a27e",
        "type": "github"
      },
      "original": {
        "owner": "nix-systems",
        "repo": "default",
        "type": "github"
      }
    },
    "utils": {
      "inputs": {
        "systems": "systems"
      },
      "locked": {
        "lastModified": 1694529238,
        "narHash": "sha256-zsNZZGTGnMOf9YpHKJqMSsa0dXbfmxeoJ7xHlrt+xmY=",
        "owner": "numtide",
        "repo": "flake-utils",
        "rev": "ff7b65b44d01cf9ba6a71320833626af21126384",
        "type": "github"
      },
      "original": {
        "owner": "numtide",
        "repo": "flake-utils",
        "type": "github"
      }
    }
  },
  "root": "root",
  "version": 7
}
