{
  "nodes": {
    "nixpkgs": {
      "locked": {
        "lastModified": 1720535198,
        "narHash": "sha256-zwVvxrdIzralnSbcpghA92tWu2DV2lwv89xZc8MTrbg=",
        "owner": "NixOS",
        "repo": "nixpkgs",
        "rev": "205fd4226592cc83fd4c0885a3e4c9c400efabb5",
        "type": "github"
      },
      "original": {
        "owner": "NixOS",
        "ref": "nixos-23.11",
        "repo": "nixpkgs",
        "type": "github"
      }
    },
    "nixpkgs_2": {
      "locked": {
        "lastModified": 1701156937,
        "narHash": "sha256-jpMJOFvOTejx211D8z/gz0ErRtQPy6RXxgD2ZB86mso=",
        "owner": "NixOS",
        "repo": "nixpkgs",
        "rev": "7c4c20509c4363195841faa6c911777a134acdf3",
        "type": "github"
      },
      "original": {
        "owner": "NixOS",
        "ref": "nixos-23.11",
        "repo": "nixpkgs",
        "type": "github"
      }
    },
    "root": {
      "inputs": {
        "nixpkgs": "nixpkgs",
        "rpki-cli": "rpki-cli",
        "utils": "utils_2"
      }
    },
    "rpki-cli": {
      "inputs": {
        "nixpkgs": "nixpkgs_2",
        "rpki-client-src": "rpki-client-src",
        "rpki-openbsd-src": "rpki-openbsd-src",
        "utils": "utils"
      },
      "locked": {
        "lastModified": 1724097265,
        "narHash": "sha256-nVQLVgCKpEfCyFDyQT8TVLBBkY12MVtnJyT9E5qCWPc=",
        "owner": "asmap",
        "repo": "rpki-client-nix",
        "rev": "cf9c7238ee751a7924e63ecde1ed2eb7595c9146",
        "type": "github"
      },
      "original": {
        "owner": "asmap",
        "repo": "rpki-client-nix",
        "type": "github"
      }
    },
    "rpki-client-src": {
      "flake": false,
      "locked": {
        "lastModified": 1719147915,
        "narHash": "sha256-QM3rjH264vpW/3Cfjv1O0sjC+jrwRV8uJAYsLWZxRmE=",
        "owner": "rpki-client",
        "repo": "rpki-client-portable",
        "rev": "a8aadf11866008666e17c65da76132659942fe2c",
        "type": "github"
      },
      "original": {
        "owner": "rpki-client",
        "repo": "rpki-client-portable",
        "rev": "a8aadf11866008666e17c65da76132659942fe2c",
        "type": "github"
      }
    },
    "rpki-openbsd-src": {
      "flake": false,
      "locked": {
        "lastModified": 1719126506,
        "narHash": "sha256-YfOxKHbe5+H+Uv2ecQYcYX6gxk+ii2Zr9NSGuCElFwg=",
        "owner": "rpki-client",
        "repo": "rpki-client-openbsd",
        "rev": "a59ae351b4f900cf90b01e755118290047fcdb28",
        "type": "github"
      },
      "original": {
        "owner": "rpki-client",
        "repo": "rpki-client-openbsd",
        "rev": "a59ae351b4f900cf90b01e755118290047fcdb28",
        "type": "github"
      }
    },
    "systems": {
      "locked": {
        "lastModified": 1681028828,
        "narHash": "sha256-Vy1rq5AaRuLzOxct8nz4T6wlgyUR7zLU309k9mBC768=",
        "owner": "nix-systems",
        "repo": "default",
        "rev": "da67096a3b9bf56a91d16901293e51ba5b49a27e",
        "type": "github"
      },
      "original": {
        "owner": "nix-systems",
        "repo": "default",
        "type": "github"
      }
    },
    "systems_2": {
      "locked": {
        "lastModified": 1681028828,
        "narHash": "sha256-Vy1rq5AaRuLzOxct8nz4T6wlgyUR7zLU309k9mBC768=",
        "owner": "nix-systems",
        "repo": "default",
        "rev": "da67096a3b9bf56a91d16901293e51ba5b49a27e",
        "type": "github"
      },
      "original": {
        "owner": "nix-systems",
        "repo": "default",
        "type": "github"
      }
    },
    "utils": {
      "inputs": {
        "systems": "systems"
      },
      "locked": {
        "lastModified": 1694529238,
        "narHash": "sha256-zsNZZGTGnMOf9YpHKJqMSsa0dXbfmxeoJ7xHlrt+xmY=",
        "owner": "numtide",
        "repo": "flake-utils",
        "rev": "ff7b65b44d01cf9ba6a71320833626af21126384",
        "type": "github"
      },
      "original": {
        "owner": "numtide",
        "repo": "flake-utils",
        "type": "github"
      }
    },
    "utils_2": {
      "inputs": {
        "systems": "systems_2"
      },
      "locked": {
        "lastModified": 1710146030,
        "narHash": "sha256-SZ5L6eA7HJ/nmkzGG7/ISclqe6oZdOZTNoesiInkXPQ=",
        "owner": "numtide",
        "repo": "flake-utils",
        "rev": "b1d9ab70662946ef0850d488da1c9019f3a9752a",
        "type": "github"
      },
      "original": {
        "owner": "numtide",
        "repo": "flake-utils",
        "type": "github"
      }
    }
  },
  "root": "root",
  "version": 7
}
